// !$*UTF8*$!
{
	archiveVersion = 1;
	classes = {
	};
	objectVersion = 77;
	objects = {

/* Begin PBXBuildFile section */
		770DED082F8EDB0700A83827 /* QuickPoseCamera in Frameworks */ = {isa = PBXBuildFile; productRef = 770DED072F8EDB0700A83827 /* QuickPoseCamera */; };
		770DED0A2F8EDB0700A83827 /* QuickPoseCore in Frameworks */ = {isa = PBXBuildFile; productRef = 770DED092F8EDB0700A83827 /* QuickPoseCore */; };
		770DED0C2F8EDB0700A83827 /* QuickPoseMP-full in Frameworks */ = {isa = PBXBuildFile; productRef = 770DED0B2F8EDB0700A83827 /* QuickPoseMP-full */; };
		770DED0E2F8EDB0700A83827 /* QuickPoseSwiftUI in Frameworks */ = {isa = PBXBuildFile; productRef = 770DED0D2F8EDB0700A83827 /* QuickPoseSwiftUI */; };
		770DED122F8EDB0700A83827 /* RealmSwift in Frameworks */ = {isa = PBXBuildFile; productRef = 770DED112F8EDB0700A83827 /* RealmSwift */; };
		770DED132F8EDB0700A83827 /* RealmSwift in Embed Frameworks */ = {isa = PBXBuildFile; productRef = 770DED112F8EDB0700A83827 /* RealmSwift */; settings = {ATTRIBUTES = (CodeSignOnCopy, RemoveHeadersOnCopy, ); }; };
/* End PBXBuildFile section */

/* Begin PBXContainerItemProxy section */
		770DECE92F8ED94800A83827 /* PBXContainerItemProxy */ = {
			isa = PBXContainerItemProxy;
			containerPortal = 770DECCA2F8ED94600A83827 /* Project object */;
			proxyType = 1;
			remoteGlobalIDString = 770DECD12F8ED94600A83827;
			remoteInfo = pose;
		};
		770DECF32F8ED94800A83827 /* PBXContainerItemProxy */ = {
			isa = PBXContainerItemProxy;
			containerPortal = 770DECCA2F8ED94600A83827 /* Project object */;
			proxyType = 1;
			remoteGlobalIDString = 770DECD12F8ED94600A83827;
			remoteInfo = pose;
		};
/* End PBXContainerItemProxy section */

/* Begin PBXCopyFilesBuildPhase section */
		770DED142F8EDB0700A83827 /* Embed Frameworks */ = {
			isa = PBXCopyFilesBuildPhase;
			buildActionMask = 2147483647;
			dstPath = "";
			dstSubfolderSpec = 10;
			files = (
				770DED132F8EDB0700A83827 /* RealmSwift in Embed Frameworks */,
			);
			name = "Embed Frameworks";
			runOnlyForDeploymentPostprocessing = 0;
		};
/* End PBXCopyFilesBuildPhase section */

/* Begin PBXFileReference section */
		770DECD22F8ED94600A83827 /* pose.app */ = {isa = PBXFileReference; explicitFileType = wrapper.application; includeInIndex = 0; path = pose.app; sourceTree = BUILT_PRODUCTS_DIR; };
		770DECE82F8ED94800A83827 /* poseTests.xctest */ = {isa = PBXFileReference; explicitFileType = wrapper.cfbundle; includeInIndex = 0; path = poseTests.xctest; sourceTree = BUILT_PRODUCTS_DIR; };
		770DECF22F8ED94800A83827 /* poseUITests.xctest */ = {isa = PBXFileReference; explicitFileType = wrapper.cfbundle; includeInIndex = 0; path = poseUITests.xctest; sourceTree = BUILT_PRODUCTS_DIR; };
/* End PBXFileReference section */

/* Begin PBXFileSystemSynchronizedBuildFileExceptionSet section */
		770DECFA2F8ED94800A83827 /* Exceptions for "pose" folder in "pose" target */ = {
			isa = PBXFileSystemSynchronizedBuildFileExceptionSet;
			membershipExceptions = (
				Info.plist,
			);
			target = 770DECD12F8ED94600A83827 /* pose */;
		};
/* End PBXFileSystemSynchronizedBuildFileExceptionSet section */

/* Begin PBXFileSystemSynchronizedRootGroup section */
		770DECD42F8ED94600A83827 /* pose */ = {
			isa = PBXFileSystemSynchronizedRootGroup;
			exceptions = (
				770DECFA2F8ED94800A83827 /* Exceptions for "pose" folder in "pose" target */,
			);
			path = pose;
			sourceTree = "<group>";
		};
		770DECEB2F8ED94800A83827 /* poseTests */ = {
			isa = PBXFileSystemSynchronizedRootGroup;
			path = poseTests;
			sourceTree = "<group>";
		};
		770DECF52F8ED94800A83827 /* poseUITests */ = {
			isa = PBXFileSystemSynchronizedRootGroup;
			path = poseUITests;
			sourceTree = "<group>";
		};
/* End PBXFileSystemSynchronizedRootGroup section */

/* Begin PBXFrameworksBuildPhase section */
		770DECCF2F8ED94600A83827 /* Frameworks */ = {
			isa = PBXFrameworksBuildPhase;
			buildActionMask = 2147483647;
			files = (
				770DED0A2F8EDB0700A83827 /* QuickPoseCore in Frameworks */,
				770DED0C2F8EDB0700A83827 /* QuickPoseMP-full in Frameworks */,
				770DED082F8EDB0700A83827 /* QuickPoseCamera in Frameworks */,
				770DED0E2F8EDB0700A83827 /* QuickPoseSwiftUI in Frameworks */,
				770DED122F8EDB0700A83827 /* RealmSwift in Frameworks */,
			);
			runOnlyForDeploymentPostprocessing = 0;
		};
		770DECE52F8ED94800A83827 /* Frameworks */ = {
			isa = PBXFrameworksBuildPhase;
			buildActionMask = 2147483647;
			files = (
			);
			runOnlyForDeploymentPostprocessing = 0;
		};
		770DECEF2F8ED94800A83827 /* Frameworks */ = {
			isa = PBXFrameworksBuildPhase;
			buildActionMask = 2147483647;
			files = (
			);
			runOnlyForDeploymentPostprocessing = 0;
		};
/* End PBXFrameworksBuildPhase section */

/* Begin PBXGroup section */
		770DECC92F8ED94600A83827 = {
			isa = PBXGroup;
			children = (
				770DECD42F8ED94600A83827 /* pose */,
				770DECEB2F8ED94800A83827 /* poseTests */,
				770DECF52F8ED94800A83827 /* poseUITests */,
				770DECD32F8ED94600A83827 /* Products */,
			);
			sourceTree = "<group>";
		};
		770DECD32F8ED94600A83827 /* Products */ = {
			isa = PBXGroup;
			children = (
				770DECD22F8ED94600A83827 /* pose.app */,
				770DECE82F8ED94800A83827 /* poseTests.xctest */,
				770DECF22F8ED94800A83827 /* poseUITests.xctest */,
			);
			name = Products;
			sourceTree = "<group>";
		};
/* End PBXGroup section */

/* Begin PBXNativeTarget section */
		770DECD12F8ED94600A83827 /* pose */ = {
			isa = PBXNativeTarget;
			buildConfigurationList = 770DECFB2F8ED94800A83827 /* Build configuration list for PBXNativeTarget "pose" */;
			buildPhases = (
				770DECCE2F8ED94600A83827 /* Sources */,
				770DECCF2F8ED94600A83827 /* Frameworks */,
				770DED142F8EDB0700A83827 /* Embed Frameworks */,
				770DECD02F8ED94600A83827 /* Resources */,
			);
			buildRules = (
			);
			dependencies = (
			);
			fileSystemSynchronizedGroups = (
				770DECD42F8ED94600A83827 /* pose */,
			);
			name = pose;
			packageProductDependencies = (
				770DED072F8EDB0700A83827 /* QuickPoseCamera */,
				770DED092F8EDB0700A83827 /* QuickPoseCore */,
				770DED0B2F8EDB0700A83827 /* QuickPoseMP-full */,
				770DED0D2F8EDB0700A83827 /* QuickPoseSwiftUI */,
				770DED112F8EDB0700A83827 /* RealmSwift */,
			);
			productName = pose;
			productReference = 770DECD22F8ED94600A83827 /* pose.app */;
			productType = "com.apple.product-type.application";
		};
		770DECE72F8ED94800A83827 /* poseTests */ = {
			isa = PBXNativeTarget;
			buildConfigurationList = 770DED002F8ED94800A83827 /* Build configuration list for PBXNativeTarget "poseTests" */;
			buildPhases = (
				770DECE42F8ED94800A83827 /* Sources */,
				770DECE52F8ED94800A83827 /* Frameworks */,
				770DECE62F8ED94800A83827 /* Resources */,
			);
			buildRules = (
			);
			dependencies = (
				770DECEA2F8ED94800A83827 /* PBXTargetDependency */,
			);
			fileSystemSynchronizedGroups = (
				770DECEB2F8ED94800A83827 /* poseTests */,
			);
			name = poseTests;
			packageProductDependencies = (
			);
			productName = poseTests;
			productReference = 770DECE82F8ED94800A83827 /* poseTests.xctest */;
			productType = "com.apple.product-type.bundle.unit-test";
		};
		770DECF12F8ED94800A83827 /* poseUITests */ = {
			isa = PBXNativeTarget;
			buildConfigurationList = 770DED032F8ED94800A83827 /* Build configuration list for PBXNativeTarget "poseUITests" */;
			buildPhases = (
				770DECEE2F8ED94800A83827 /* Sources */,
				770DECEF2F8ED94800A83827 /* Frameworks */,
				770DECF02F8ED94800A83827 /* Resources */,
			);
			buildRules = (
			);
			dependencies = (
				770DECF42F8ED94800A83827 /* PBXTargetDependency */,
			);
			fileSystemSynchronizedGroups = (
				770DECF52F8ED94800A83827 /* poseUITests */,
			);
			name = poseUITests;
			packageProductDependencies = (
			);
			productName = poseUITests;
			productReference = 770DECF22F8ED94800A83827 /* poseUITests.xctest */;
			productType = "com.apple.product-type.bundle.ui-testing";
		};
/* End PBXNativeTarget section */

/* Begin PBXProject section */
		770DECCA2F8ED94600A83827 /* Project object */ = {
			isa = PBXProject;
			attributes = {
				BuildIndependentTargetsInParallel = 1;
				LastSwiftUpdateCheck = 2600;
				LastUpgradeCheck = 2600;
				TargetAttributes = {
					770DECD12F8ED94600A83827 = {
						CreatedOnToolsVersion = 26.0.1;
					};
					770DECE72F8ED94800A83827 = {
						CreatedOnToolsVersion = 26.0.1;
						TestTargetID = 770DECD12F8ED94600A83827;
					};
					770DECF12F8ED94800A83827 = {
						CreatedOnToolsVersion = 26.0.1;
						TestTargetID = 770DECD12F8ED94600A83827;
					};
				};
			};
			buildConfigurationList = 770DECCD2F8ED94600A83827 /* Build configuration list for PBXProject "pose" */;
			developmentRegion = en;
			hasScannedForEncodings = 0;
			knownRegions = (
				en,
				Base,
			);
			mainGroup = 770DECC92F8ED94600A83827;
			minimizedProjectReferenceProxies = 1;
			packageReferences = (
				770DED062F8EDB0700A83827 /* XCRemoteSwiftPackageReference "quickpose-ios-sdk" */,
				770DED102F8EDB0700A83827 /* XCRemoteSwiftPackageReference "realm-swift" */,
			);
			preferredProjectObjectVersion = 77;
			productRefGroup = 770DECD32F8ED94600A83827 /* Products */;
			projectDirPath = "";
			projectRoot = "";
			targets = (
				770DECD12F8ED94600A83827 /* pose */,
				770DECE72F8ED94800A83827 /* poseTests */,
				770DECF12F8ED94800A83827 /* poseUITests */,
			);
		};
/* End PBXProject section */

/* Begin PBXResourcesBuildPhase section */
		770DECD02F8ED94600A83827 /* Resources */ = {
			isa = PBXResourcesBuildPhase;
			buildActionMask = 2147483647;
			files = (
			);
			runOnlyForDeploymentPostprocessing = 0;
		};
		770DECE62F8ED94800A83827 /* Resources */ = {
			isa = PBXResourcesBuildPhase;
			buildActionMask = 2147483647;
			files = (
			);
			runOnlyForDeploymentPostprocessing = 0;
		};
		770DECF02F8ED94800A83827 /* Resources */ = {
			isa = PBXResourcesBuildPhase;
			buildActionMask = 2147483647;
			files = (
			);
			runOnlyForDeploymentPostprocessing = 0;
		};
/* End PBXResourcesBuildPhase section */

/* Begin PBXSourcesBuildPhase section */
		770DECCE2F8ED94600A83827 /* Sources */ = {
			isa = PBXSourcesBuildPhase;
			buildActionMask = 2147483647;
			files = (
			);
			runOnlyForDeploymentPostprocessing = 0;
		};
		770DECE42F8ED94800A83827 /* Sources */ = {
			isa = PBXSourcesBuildPhase;
			buildActionMask = 2147483647;
			files = (
			);
			runOnlyForDeploymentPostprocessing = 0;
		};
		770DECEE2F8ED94800A83827 /* Sources */ = {
			isa = PBXSourcesBuildPhase;
			buildActionMask = 2147483647;
			files = (
			);
			runOnlyForDeploymentPostprocessing = 0;
		};
/* End PBXSourcesBuildPhase section */

/* Begin PBXTargetDependency section */
		770DECEA2F8ED94800A83827 /* PBXTargetDependency */ = {
			isa = PBXTargetDependency;
			target = 770DECD12F8ED94600A83827 /* pose */;
			targetProxy = 770DECE92F8ED94800A83827 /* PBXContainerItemProxy */;
		};
		770DECF42F8ED94800A83827 /* PBXTargetDependency */ = {
			isa = PBXTargetDependency;
			target = 770DECD12F8ED94600A83827 /* pose */;
			targetProxy = 770DECF32F8ED94800A83827 /* PBXContainerItemProxy */;
		};
/* End PBXTargetDependency section */

/* Begin XCBuildConfiguration section */
		770DECFC2F8ED94800A83827 /* Debug */ = {
			isa = XCBuildConfiguration;
			buildSettings = {
				ASSETCATALOG_COMPILER_APPICON_NAME = AppIcon;
				ASSETCATALOG_COMPILER_GLOBAL_ACCENT_COLOR_NAME = AccentColor;
				CODE_SIGN_STYLE = Automatic;
				CURRENT_PROJECT_VERSION = 1;
				DEVELOPMENT_TEAM = 7939U2265B;
				GENERATE_INFOPLIST_FILE = YES;
				INFOPLIST_FILE = pose/Info.plist;
				INFOPLIST_KEY_CFBundleDisplayName = "Pose偵測";
				INFOPLIST_KEY_LSApplicationCategoryType = "public.app-category.sports";
				INFOPLIST_KEY_NSCameraUsageDescription = "需要相機以進行即時姿勢與骨架偵測。";
				INFOPLIST_KEY_UIApplicationSupportsIndirectInputEvents = YES;
				INFOPLIST_KEY_UILaunchStoryboardName = LaunchScreen;
				INFOPLIST_KEY_UISupportedInterfaceOrientations_iPad = "UIInterfaceOrientationPortrait UIInterfaceOrientationPortraitUpsideDown UIInterfaceOrientationLandscapeLeft UIInterfaceOrientationLandscapeRight";
				INFOPLIST_KEY_UISupportedInterfaceOrientations_iPhone = "UIInterfaceOrientationPortrait UIInterfaceOrientationLandscapeLeft UIInterfaceOrientationLandscapeRight";
				LD_RUNPATH_SEARCH_PATHS = (
					"$(inherited)",
					"@executable_path/Frameworks",
				);
				MARKETING_VERSION = 1.0;
				PRODUCT_BUNDLE_IDENTIFIER = "my-first-app.pose";
				PRODUCT_NAME = "$(TARGET_NAME)";
				STRING_CATALOG_GENERATE_SYMBOLS = YES;
				SWIFT_APPROACHABLE_CONCURRENCY = YES;
				SWIFT_DEFAULT_ACTOR_ISOLATION = MainActor;
				SWIFT_EMIT_LOC_STRINGS = YES;
				SWIFT_UPCOMING_FEATURE_MEMBER_IMPORT_VISIBILITY = YES;
				SWIFT_VERSION = 5.0;
				TARGETED_DEVICE_FAMILY = "1,2";
			};
			name = Debug;
		};
		770DECFD2F8ED94800A83827 /* Release */ = {
			isa = XCBuildConfiguration;
			buildSettings = {
				ASSETCATALOG_COMPILER_APPICON_NAME = AppIcon;
				ASSETCATALOG_COMPILER_GLOBAL_ACCENT_COLOR_NAME = AccentColor;
				CODE_SIGN_STYLE = Automatic;
				CURRENT_PROJECT_VERSION = 1;
				DEVELOPMENT_TEAM = 7939U2265B;
				GENERATE_INFOPLIST_FILE = YES;
				INFOPLIST_FILE = pose/Info.plist;
				INFOPLIST_KEY_CFBundleDisplayName = "Pose偵測";
				INFOPLIST_KEY_LSApplicationCategoryType = "public.app-category.sports";
				INFOPLIST_KEY_NSCameraUsageDescription = "需要相機以進行即時姿勢與骨架偵測。";
				INFOPLIST_KEY_UIApplicationSupportsIndirectInputEvents = YES;
				INFOPLIST_KEY_UILaunchStoryboardName = LaunchScreen;
				INFOPLIST_KEY_UISupportedInterfaceOrientations_iPad = "UIInterfaceOrientationPortrait UIInterfaceOrientationPortraitUpsideDown UIInterfaceOrientationLandscapeLeft UIInterfaceOrientationLandscapeRight";
				INFOPLIST_KEY_UISupportedInterfaceOrientations_iPhone = "UIInterfaceOrientationPortrait UIInterfaceOrientationLandscapeLeft UIInterfaceOrientationLandscapeRight";
				LD_RUNPATH_SEARCH_PATHS = (
					"$(inherited)",
					"@executable_path/Frameworks",
				);
				MARKETING_VERSION = 1.0;
				PRODUCT_BUNDLE_IDENTIFIER = "my-first-app.pose";
				PRODUCT_NAME = "$(TARGET_NAME)";
				STRING_CATALOG_GENERATE_SYMBOLS = YES;
				SWIFT_APPROACHABLE_CONCURRENCY = YES;
				SWIFT_DEFAULT_ACTOR_ISOLATION = MainActor;
				SWIFT_EMIT_LOC_STRINGS = YES;
				SWIFT_UPCOMING_FEATURE_MEMBER_IMPORT_VISIBILITY = YES;
				SWIFT_VERSION = 5.0;
				TARGETED_DEVICE_FAMILY = "1,2";
			};
			name = Release;
		};
		770DECFE2F8ED94800A83827 /* Debug */ = {
			isa = XCBuildConfiguration;
			buildSettings = {
				ALWAYS_SEARCH_USER_PATHS = NO;
				ASSETCATALOG_COMPILER_GENERATE_SWIFT_ASSET_SYMBOL_EXTENSIONS = YES;
				CLANG_ANALYZER_NONNULL = YES;
				CLANG_ANALYZER_NUMBER_OBJECT_CONVERSION = YES_AGGRESSIVE;
				CLANG_CXX_LANGUAGE_STANDARD = "gnu++20";
				CLANG_ENABLE_MODULES = YES;
				CLANG_ENABLE_OBJC_ARC = YES;
				CLANG_ENABLE_OBJC_WEAK = YES;
				CLANG_WARN_BLOCK_CAPTURE_AUTORELEASING = YES;
				CLANG_WARN_BOOL_CONVERSION = YES;
				CLANG_WARN_COMMA = YES;
				CLANG_WARN_CONSTANT_CONVERSION = YES;
				CLANG_WARN_DEPRECATED_OBJC_IMPLEMENTATIONS = YES;
				CLANG_WARN_DIRECT_OBJC_ISA_USAGE = YES_ERROR;
				CLANG_WARN_DOCUMENTATION_COMMENTS = YES;
				CLANG_WARN_EMPTY_BODY = YES;
				CLANG_WARN_ENUM_CONVERSION = YES;
				CLANG_WARN_INFINITE_RECURSION = YES;
				CLANG_WARN_INT_CONVERSION = YES;
				CLANG_WARN_NON_LITERAL_NULL_CONVERSION = YES;
				CLANG_WARN_OBJC_IMPLICIT_RETAIN_SELF = YES;
				CLANG_WARN_OBJC_LITERAL_CONVERSION = YES;
				CLANG_WARN_OBJC_ROOT_CLASS = YES_ERROR;
				CLANG_WARN_QUOTED_INCLUDE_IN_FRAMEWORK_HEADER = YES;
				CLANG_WARN_RANGE_LOOP_ANALYSIS = YES;
				CLANG_WARN_STRICT_PROTOTYPES = YES;
				CLANG_WARN_SUSPICIOUS_MOVE = YES;
				CLANG_WARN_UNGUARDED_AVAILABILITY = YES_AGGRESSIVE;
				CLANG_WARN_UNREACHABLE_CODE = YES;
				CLANG_WARN__DUPLICATE_METHOD_MATCH = YES;
				COPY_PHASE_STRIP = NO;
				DEBUG_INFORMATION_FORMAT = dwarf;
				ENABLE_STRICT_OBJC_MSGSEND = YES;
				ENABLE_TESTABILITY = YES;
				ENABLE_USER_SCRIPT_SANDBOXING = YES;
				GCC_C_LANGUAGE_STANDARD = gnu17;
				GCC_DYNAMIC_NO_PIC = NO;
				GCC_NO_COMMON_BLOCKS = YES;
				GCC_OPTIMIZATION_LEVEL = 0;
				GCC_PREPROCESSOR_DEFINITIONS = (
					"DEBUG=1",
					"$(inherited)",
				);
				GCC_WARN_64_TO_32_BIT_CONVERSION = YES;
				GCC_WARN_ABOUT_RETURN_TYPE = YES_ERROR;
				GCC_WARN_UNDECLARED_SELECTOR = YES;
				GCC_WARN_UNINITIALIZED_AUTOS = YES_AGGRESSIVE;
				GCC_WARN_UNUSED_FUNCTION = YES;
				GCC_WARN_UNUSED_VARIABLE = YES;
				IPHONEOS_DEPLOYMENT_TARGET = 17.0;
				LOCALIZATION_PREFERS_STRING_CATALOGS = YES;
				MTL_ENABLE_DEBUG_INFO = INCLUDE_SOURCE;
				MTL_FAST_MATH = YES;
				ONLY_ACTIVE_ARCH = YES;
				SDKROOT = iphoneos;
				SWIFT_ACTIVE_COMPILATION_CONDITIONS = "DEBUG $(inherited)";
				SWIFT_OPTIMIZATION_LEVEL = "-Onone";
			};
			name = Debug;
		};
		770DECFF2F8ED94800A83827 /* Release */ = {
			isa = XCBuildConfiguration;
			buildSettings = {
				ALWAYS_SEARCH_USER_PATHS = NO;
				ASSETCATALOG_COMPILER_GENERATE_SWIFT_ASSET_SYMBOL_EXTENSIONS = YES;
				CLANG_ANALYZER_NONNULL = YES;
				CLANG_ANALYZER_NUMBER_OBJECT_CONVERSION = YES_AGGRESSIVE;
				CLANG_CXX_LANGUAGE_STANDARD = "gnu++20";
				CLANG_ENABLE_MODULES = YES;
				CLANG_ENABLE_OBJC_ARC = YES;
				CLANG_ENABLE_OBJC_WEAK = YES;
				CLANG_WARN_BLOCK_CAPTURE_AUTORELEASING = YES;
				CLANG_WARN_BOOL_CONVERSION = YES;
				CLANG_WARN_COMMA = YES;
				CLANG_WARN_CONSTANT_CONVERSION = YES;
				CLANG_WARN_DEPRECATED_OBJC_IMPLEMENTATIONS = YES;
				CLANG_WARN_DIRECT_OBJC_ISA_USAGE = YES_ERROR;
				CLANG_WARN_DOCUMENTATION_COMMENTS = YES;
				CLANG_WARN_EMPTY_BODY = YES;
				CLANG_WARN_ENUM_CONVERSION = YES;
				CLANG_WARN_INFINITE_RECURSION = YES;
				CLANG_WARN_INT_CONVERSION = YES;
				CLANG_WARN_NON_LITERAL_NULL_CONVERSION = YES;
				CLANG_WARN_OBJC_IMPLICIT_RETAIN_SELF = YES;
				CLANG_WARN_OBJC_LITERAL_CONVERSION = YES;
				CLANG_WARN_OBJC_ROOT_CLASS = YES_ERROR;
				CLANG_WARN_QUOTED_INCLUDE_IN_FRAMEWORK_HEADER = YES;
				CLANG_WARN_RANGE_LOOP_ANALYSIS = YES;
				CLANG_WARN_STRICT_PROTOTYPES = YES;
				CLANG_WARN_SUSPICIOUS_MOVE = YES;
				CLANG_WARN_UNGUARDED_AVAILABILITY = YES_AGGRESSIVE;
				CLANG_WARN_UNREACHABLE_CODE = YES;
				CLANG_WARN__DUPLICATE_METHOD_MATCH = YES;
				COPY_PHASE_STRIP = NO;
				DEBUG_INFORMATION_FORMAT = "dwarf-with-dsym";
				ENABLE_NS_ASSERTIONS = NO;
				ENABLE_STRICT_OBJC_MSGSEND = YES;
				ENABLE_USER_SCRIPT_SANDBOXING = YES;
				GCC_C_LANGUAGE_STANDARD = gnu17;
				GCC_NO_COMMON_BLOCKS = YES;
				GCC_WARN_64_TO_32_BIT_CONVERSION = YES;
				GCC_WARN_ABOUT_RETURN_TYPE = YES_ERROR;
				GCC_WARN_UNDECLARED_SELECTOR = YES;
				GCC_WARN_UNINITIALIZED_AUTOS = YES_AGGRESSIVE;
				GCC_WARN_UNUSED_FUNCTION = YES;
				GCC_WARN_UNUSED_VARIABLE = YES;
				IPHONEOS_DEPLOYMENT_TARGET = 17.0;
				LOCALIZATION_PREFERS_STRING_CATALOGS = YES;
				MTL_ENABLE_DEBUG_INFO = NO;
				MTL_FAST_MATH = YES;
				SDKROOT = iphoneos;
				SWIFT_COMPILATION_MODE = wholemodule;
				VALIDATE_PRODUCT = YES;
			};
			name = Release;
		};
		770DED012F8ED94800A83827 /* Debug */ = {
			isa = XCBuildConfiguration;
			buildSettings = {
				BUNDLE_LOADER = "$(TEST_HOST)";
				CODE_SIGN_STYLE = Automatic;
				CURRENT_PROJECT_VERSION = 1;
				GENERATE_INFOPLIST_FILE = YES;
				IPHONEOS_DEPLOYMENT_TARGET = 17.0;
				MARKETING_VERSION = 1.0;
				PRODUCT_BUNDLE_IDENTIFIER = "my-first-app.poseTests";
				PRODUCT_NAME = "$(TARGET_NAME)";
				STRING_CATALOG_GENERATE_SYMBOLS = NO;
				SWIFT_APPROACHABLE_CONCURRENCY = YES;
				SWIFT_EMIT_LOC_STRINGS = NO;
				SWIFT_UPCOMING_FEATURE_MEMBER_IMPORT_VISIBILITY = YES;
				SWIFT_VERSION = 5.0;
				TARGETED_DEVICE_FAMILY = "1,2";
				TEST_HOST = "$(BUILT_PRODUCTS_DIR)/pose.app/$(BUNDLE_EXECUTABLE_FOLDER_PATH)/pose";
			};
			name = Debug;
		};
		770DED022F8ED94800A83827 /* Release */ = {
			isa = XCBuildConfiguration;
			buildSettings = {
				BUNDLE_LOADER = "$(TEST_HOST)";
				CODE_SIGN_STYLE = Automatic;
				CURRENT_PROJECT_VERSION = 1;
				GENERATE_INFOPLIST_FILE = YES;
				IPHONEOS_DEPLOYMENT_TARGET = 17.0;
				MARKETING_VERSION = 1.0;
				PRODUCT_BUNDLE_IDENTIFIER = "my-first-app.poseTests";
				PRODUCT_NAME = "$(TARGET_NAME)";
				STRING_CATALOG_GENERATE_SYMBOLS = NO;
				SWIFT_APPROACHABLE_CONCURRENCY = YES;
				SWIFT_EMIT_LOC_STRINGS = NO;
				SWIFT_UPCOMING_FEATURE_MEMBER_IMPORT_VISIBILITY = YES;
				SWIFT_VERSION = 5.0;
				TARGETED_DEVICE_FAMILY = "1,2";
				TEST_HOST = "$(BUILT_PRODUCTS_DIR)/pose.app/$(BUNDLE_EXECUTABLE_FOLDER_PATH)/pose";
			};
			name = Release;
		};
		770DED042F8ED94800A83827 /* Debug */ = {
			isa = XCBuildConfiguration;
			buildSettings = {
				CODE_SIGN_STYLE = Automatic;
				CURRENT_PROJECT_VERSION = 1;
				GENERATE_INFOPLIST_FILE = YES;
				MARKETING_VERSION = 1.0;
				PRODUCT_BUNDLE_IDENTIFIER = "my-first-app.poseUITests";
				PRODUCT_NAME = "$(TARGET_NAME)";
				STRING_CATALOG_GENERATE_SYMBOLS = NO;
				SWIFT_APPROACHABLE_CONCURRENCY = YES;
				SWIFT_EMIT_LOC_STRINGS = NO;
				SWIFT_UPCOMING_FEATURE_MEMBER_IMPORT_VISIBILITY = YES;
				SWIFT_VERSION = 5.0;
				TARGETED_DEVICE_FAMILY = "1,2";
				TEST_TARGET_NAME = pose;
			};
			name = Debug;
		};
		770DED052F8ED94800A83827 /* Release */ = {
			isa = XCBuildConfiguration;
			buildSettings = {
				CODE_SIGN_STYLE = Automatic;
				CURRENT_PROJECT_VERSION = 1;
				GENERATE_INFOPLIST_FILE = YES;
				MARKETING_VERSION = 1.0;
				PRODUCT_BUNDLE_IDENTIFIER = "my-first-app.poseUITests";
				PRODUCT_NAME = "$(TARGET_NAME)";
				STRING_CATALOG_GENERATE_SYMBOLS = NO;
				SWIFT_APPROACHABLE_CONCURRENCY = YES;
				SWIFT_EMIT_LOC_STRINGS = NO;
				SWIFT_UPCOMING_FEATURE_MEMBER_IMPORT_VISIBILITY = YES;
				SWIFT_VERSION = 5.0;
				TARGETED_DEVICE_FAMILY = "1,2";
				TEST_TARGET_NAME = pose;
			};
			name = Release;
		};
/* End XCBuildConfiguration section */

/* Begin XCConfigurationList section */
		770DECCD2F8ED94600A83827 /* Build configuration list for PBXProject "pose" */ = {
			isa = XCConfigurationList;
			buildConfigurations = (
				770DECFE2F8ED94800A83827 /* Debug */,
				770DECFF2F8ED94800A83827 /* Release */,
			);
			defaultConfigurationIsVisible = 0;
			defaultConfigurationName = Release;
		};
		770DECFB2F8ED94800A83827 /* Build configuration list for PBXNativeTarget "pose" */ = {
			isa = XCConfigurationList;
			buildConfigurations = (
				770DECFC2F8ED94800A83827 /* Debug */,
				770DECFD2F8ED94800A83827 /* Release */,
			);
			defaultConfigurationIsVisible = 0;
			defaultConfigurationName = Release;
		};
		770DED002F8ED94800A83827 /* Build configuration list for PBXNativeTarget "poseTests" */ = {
			isa = XCConfigurationList;
			buildConfigurations = (
				770DED012F8ED94800A83827 /* Debug */,
				770DED022F8ED94800A83827 /* Release */,
			);
			defaultConfigurationIsVisible = 0;
			defaultConfigurationName = Release;
		};
		770DED032F8ED94800A83827 /* Build configuration list for PBXNativeTarget "poseUITests" */ = {
			isa = XCConfigurationList;
			buildConfigurations = (
				770DED042F8ED94800A83827 /* Debug */,
				770DED052F8ED94800A83827 /* Release */,
			);
			defaultConfigurationIsVisible = 0;
			defaultConfigurationName = Release;
		};
/* End XCConfigurationList section */

/* Begin XCRemoteSwiftPackageReference section */
		770DED062F8EDB0700A83827 /* XCRemoteSwiftPackageReference "quickpose-ios-sdk" */ = {
			isa = XCRemoteSwiftPackageReference;
			repositoryURL = "https://github.com/quickpose/quickpose-ios-sdk.git";
			requirement = {
				kind = upToNextMajorVersion;
				minimumVersion = 1.0.0;
			};
		};
		770DED102F8EDB0700A83827 /* XCRemoteSwiftPackageReference "realm-swift" */ = {
			isa = XCRemoteSwiftPackageReference;
			repositoryURL = "https://github.com/realm/realm-swift.git";
			requirement = {
				kind = upToNextMajorVersion;
				minimumVersion = 10.44.0;
			};
		};
/* End XCRemoteSwiftPackageReference section */

/* Begin XCSwiftPackageProductDependency section */
		770DED072F8EDB0700A83827 /* QuickPoseCamera */ = {
			isa = XCSwiftPackageProductDependency;
			package = 770DED062F8EDB0700A83827 /* XCRemoteSwiftPackageReference "quickpose-ios-sdk" */;
			productName = QuickPoseCamera;
		};
		770DED092F8EDB0700A83827 /* QuickPoseCore */ = {
			isa = XCSwiftPackageProductDependency;
			package = 770DED062F8EDB0700A83827 /* XCRemoteSwiftPackageReference "quickpose-ios-sdk" */;
			productName = QuickPoseCore;
		};
		770DED0B2F8EDB0700A83827 /* QuickPoseMP-full */ = {
			isa = XCSwiftPackageProductDependency;
			package = 770DED062F8EDB0700A83827 /* XCRemoteSwiftPackageReference "quickpose-ios-sdk" */;
			productName = "QuickPoseMP-full";
		};
		770DED0D2F8EDB0700A83827 /* QuickPoseSwiftUI */ = {
			isa = XCSwiftPackageProductDependency;
			package = 770DED062F8EDB0700A83827 /* XCRemoteSwiftPackageReference "quickpose-ios-sdk" */;
			productName = QuickPoseSwiftUI;
		};
		770DED112F8EDB0700A83827 /* RealmSwift */ = {
			isa = XCSwiftPackageProductDependency;
			package = 770DED102F8EDB0700A83827 /* XCRemoteSwiftPackageReference "realm-swift" */;
			productName = RealmSwift;
		};
/* End XCSwiftPackageProductDependency section */
	};
	rootObject = 770DECCA2F8ED94600A83827 /* Project object */;
}
